
Microsoft Visual Studio Solution File, Format Version 12.00
# Visual Studio 2013
VisualStudioVersion = 12.0.21005.1
MinimumVisualStudioVersion = 10.0.40219.1
Project("{FAE04EC0-301F-11D3-BF4B-00C04F79EFBC}") = "FirstHelloWorldIn2013", "FirstHelloWorldIn2013\FirstHelloWorldIn2013.csproj", "{B38154D2-11C1-4C6F-A4B9-CFAEFD87BD14}"
EndProject
Global
	GlobalSection(SolutionConfigurationPlatforms) = preSolution
		Debug|Any CPU = Debug|Any CPU
		Release|Any CPU = Release|Any CPU
	EndGlobalSection
	GlobalSection(ProjectConfigurationPlatforms) = postSolution
		{B38154D2-11C1-4C6F-A4B9-CFAEFD87BD14}.Debug|Any CPU.ActiveCfg = Debug|Any CPU
		{B38154D2-11C1-4C6F-A4B9-CFAEFD87BD14}.Debug|Any CPU.Build.0 = Debug|Any CPU
		{B38154D2-11C1-4C6F-A4B9-CFAEFD87BD14}.Release|Any CPU.ActiveCfg = Release|Any CPU
		{B38154D2-11C1-4C6F-A4B9-CFAEFD87BD14}.Release|Any CPU.Build.0 = Release|Any CPU
	EndGlobalSection
	GlobalSection(SolutionProperties) = preSolution
		HideSolutionNode = FALSE
	EndGlobalSection
EndGlobal
